
Microsoft Visual Studio Solution File, Format Version 12.00
# Visual Studio Version 16
VisualStudioVersion = 16.0.30517.126
MinimumVisualStudioVersion = 10.0.40219.1
Project("{FAE04EC0-301F-11D3-BF4B-00C04F79EFBC}") = "library", "library\library.csproj", "{7DF79E4E-D8A7-489F-B9B0-F9BF8811830C}"
EndProject
Global
	GlobalSection(SolutionConfigurationPlatforms) = preSolution
		Debug|Any CPU = Debug|Any CPU
		Release|Any CPU = Release|Any CPU
	EndGlobalSection
	GlobalSection(ProjectConfigurationPlatforms) = postSolution
		{7DF79E4E-D8A7-489F-B9B0-F9BF8811830C}.Debug|Any CPU.ActiveCfg = Debug|Any CPU
		{7DF79E4E-D8A7-489F-B9B0-F9BF8811830C}.Debug|Any CPU.Build.0 = Debug|Any CPU
		{7DF79E4E-D8A7-489F-B9B0-F9BF8811830C}.Release|Any CPU.ActiveCfg = Release|Any CPU
		{7DF79E4E-D8A7-489F-B9B0-F9BF8811830C}.Release|Any CPU.Build.0 = Release|Any CPU
	EndGlobalSection
	GlobalSection(SolutionProperties) = preSolution
		HideSolutionNode = FALSE
	EndGlobalSection
	GlobalSection(ExtensibilityGlobals) = postSolution
		SolutionGuid = {146C1E4A-6D79-4153-9B1D-1FD0A3E0D75C}
	EndGlobalSection
EndGlobal
